
Microsoft Visual Studio Solution File, Format Version 12.00
Project("{2150E333-8FDC-42A3-9474-1A3956D46DE8}") = "Api", "Api", "{701C3FFA-7D6C-4C9D-BDF9-7B67A4CE1B91}"
EndProject
Project("{FAE04EC0-301F-11D3-BF4B-00C04F79EFBC}") = "SimpleApiWithDatabase", "Application\Api\SimpleApiWithDatabase\SimpleApiWithDatabase.csproj", "{179CAA22-7D1F-4749-BA85-7E5A2027D100}"
EndProject
Project("{FAE04EC0-301F-11D3-BF4B-00C04F79EFBC}") = "ApiTests", "Application\Api\ApiTests\ApiTests.csproj", "{4A1B4A18-A375-4D6D-869F-FB777A8022F2}"
EndProject
Project("{2150E333-8FDC-42A3-9474-1A3956D46DE8}") = "WebApp", "WebApp", "{2CAE48D6-6178-4739-B95E-DE25DE6E1C35}"
EndProject
Project("{FAE04EC0-301F-11D3-BF4B-00C04F79EFBC}") = "SimpleMvcApp", "Application\WebApp\SimpleMvcApp\SimpleMvcApp.csproj", "{00FACFC2-5D00-4C34-B684-F09E1374E78B}"
EndProject
Project("{FAE04EC0-301F-11D3-BF4B-00C04F79EFBC}") = "SqlAadMigrationDeployer", "SqlAadMigrationDeployer\SqlAadMigrationDeployer.csproj", "{3BDFF78B-72CB-4022-8DA1-30DC9D6540D7}"
EndProject
Global
	GlobalSection(SolutionConfigurationPlatforms) = preSolution
		Debug|Any CPU = Debug|Any CPU
		Release|Any CPU = Release|Any CPU
	EndGlobalSection
	GlobalSection(ProjectConfigurationPlatforms) = postSolution
		{179CAA22-7D1F-4749-BA85-7E5A2027D100}.Debug|Any CPU.ActiveCfg = Debug|Any CPU
		{179CAA22-7D1F-4749-BA85-7E5A2027D100}.Debug|Any CPU.Build.0 = Debug|Any CPU
		{179CAA22-7D1F-4749-BA85-7E5A2027D100}.Release|Any CPU.ActiveCfg = Release|Any CPU
		{179CAA22-7D1F-4749-BA85-7E5A2027D100}.Release|Any CPU.Build.0 = Release|Any CPU
		{4A1B4A18-A375-4D6D-869F-FB777A8022F2}.Debug|Any CPU.ActiveCfg = Debug|Any CPU
		{4A1B4A18-A375-4D6D-869F-FB777A8022F2}.Debug|Any CPU.Build.0 = Debug|Any CPU
		{4A1B4A18-A375-4D6D-869F-FB777A8022F2}.Release|Any CPU.ActiveCfg = Release|Any CPU
		{4A1B4A18-A375-4D6D-869F-FB777A8022F2}.Release|Any CPU.Build.0 = Release|Any CPU
		{00FACFC2-5D00-4C34-B684-F09E1374E78B}.Debug|Any CPU.ActiveCfg = Debug|Any CPU
		{00FACFC2-5D00-4C34-B684-F09E1374E78B}.Debug|Any CPU.Build.0 = Debug|Any CPU
		{00FACFC2-5D00-4C34-B684-F09E1374E78B}.Release|Any CPU.ActiveCfg = Release|Any CPU
		{00FACFC2-5D00-4C34-B684-F09E1374E78B}.Release|Any CPU.Build.0 = Release|Any CPU
		{3BDFF78B-72CB-4022-8DA1-30DC9D6540D7}.Debug|Any CPU.ActiveCfg = Debug|Any CPU
		{3BDFF78B-72CB-4022-8DA1-30DC9D6540D7}.Debug|Any CPU.Build.0 = Debug|Any CPU
		{3BDFF78B-72CB-4022-8DA1-30DC9D6540D7}.Release|Any CPU.ActiveCfg = Release|Any CPU
		{3BDFF78B-72CB-4022-8DA1-30DC9D6540D7}.Release|Any CPU.Build.0 = Release|Any CPU
	EndGlobalSection
	GlobalSection(NestedProjects) = preSolution
		{179CAA22-7D1F-4749-BA85-7E5A2027D100} = {701C3FFA-7D6C-4C9D-BDF9-7B67A4CE1B91}
		{4A1B4A18-A375-4D6D-869F-FB777A8022F2} = {701C3FFA-7D6C-4C9D-BDF9-7B67A4CE1B91}
		{00FACFC2-5D00-4C34-B684-F09E1374E78B} = {2CAE48D6-6178-4739-B95E-DE25DE6E1C35}
	EndGlobalSection
EndGlobal
